
Microsoft Visual Studio Solution File, Format Version 12.00
# Visual Studio 2013
VisualStudioVersion = 12.0.31101.0
MinimumVisualStudioVersion = 10.0.40219.1
Project("{FAE04EC0-301F-11D3-BF4B-00C04F79EFBC}") = "PunjabiDialogueTalk", "PunjabiDialogueTalk\PunjabiDialogueTalk.csproj", "{EFA3DF35-4A6A-4E7B-8988-EA8A762624E1}"
EndProject
Project("{2150E333-8FDC-42A3-9474-1A3956D46DE8}") = ".nuget", ".nuget", "{AC4E3F36-4921-4B85-BDD8-3DE44528ED2A}"
	ProjectSection(SolutionItems) = preProject
		.nuget\packages.config = .nuget\packages.config
	EndProjectSection
EndProject
Global
	GlobalSection(SolutionConfigurationPlatforms) = preSolution
		Debug|Any CPU = Debug|Any CPU
		Release|Any CPU = Release|Any CPU
	EndGlobalSection
	GlobalSection(ProjectConfigurationPlatforms) = postSolution
		{EFA3DF35-4A6A-4E7B-8988-EA8A762624E1}.Debug|Any CPU.ActiveCfg = Debug|Any CPU
		{EFA3DF35-4A6A-4E7B-8988-EA8A762624E1}.Debug|Any CPU.Build.0 = Debug|Any CPU
		{EFA3DF35-4A6A-4E7B-8988-EA8A762624E1}.Release|Any CPU.ActiveCfg = Release|Any CPU
		{EFA3DF35-4A6A-4E7B-8988-EA8A762624E1}.Release|Any CPU.Build.0 = Release|Any CPU
	EndGlobalSection
	GlobalSection(SolutionProperties) = preSolution
		HideSolutionNode = FALSE
	EndGlobalSection
EndGlobal
